{
  "originHash" : "81d2e580ba9932bbf94c74a60282a1d23a575ec90655203f2e82c84e3edc604c",
  "pins" : [
    {
      "identity" : "swiftuix",
      "kind" : "remoteSourceControl",
      "location" : "https://github.com/SwiftUIX/SwiftUIX.git",
      "state" : {
        "branch" : "master",
        "revision" : "3a99044b7045fb5907a7df18c7fe323e5656c6ab"
      }
    }
  ],
  "version" : 3
}
